
Microsoft Visual Studio Solution File, Format Version 12.00
# Visual Studio Version 16
VisualStudioVersion = 16.0.29418.71
MinimumVisualStudioVersion = 10.0.40219.1
Project("{8BC9CEB8-8B4A-11D0-8D11-00A0C91BC942}") = "ClassLib", "ClassLib\ClassLib.vcxproj", "{2898466E-9B3C-4956-84D2-EC3EC6411793}"
EndProject
Project("{8BC9CEB8-8B4A-11D0-8D11-00A0C91BC942}") = "TestClassLib", "..\TestClassLib\TestClassLib.vcxproj", "{615188FF-17D1-4AF6-8B72-8D9996F3C271}"
	ProjectSection(ProjectDependencies) = postProject
		{2898466E-9B3C-4956-84D2-EC3EC6411793} = {2898466E-9B3C-4956-84D2-EC3EC6411793}
	EndProjectSection
EndProject
Global
	GlobalSection(SolutionConfigurationPlatforms) = preSolution
		Debug|x64 = Debug|x64
		Debug|x86 = Debug|x86
		Release|x64 = Release|x64
		Release|x86 = Release|x86
	EndGlobalSection
	GlobalSection(ProjectConfigurationPlatforms) = postSolution
		{2898466E-9B3C-4956-84D2-EC3EC6411793}.Debug|x64.ActiveCfg = Debug|x64
		{2898466E-9B3C-4956-84D2-EC3EC6411793}.Debug|x64.Build.0 = Debug|x64
		{2898466E-9B3C-4956-84D2-EC3EC6411793}.Debug|x86.ActiveCfg = Debug|Win32
		{2898466E-9B3C-4956-84D2-EC3EC6411793}.Debug|x86.Build.0 = Debug|Win32
		{2898466E-9B3C-4956-84D2-EC3EC6411793}.Release|x64.ActiveCfg = Release|x64
		{2898466E-9B3C-4956-84D2-EC3EC6411793}.Release|x64.Build.0 = Release|x64
		{2898466E-9B3C-4956-84D2-EC3EC6411793}.Release|x86.ActiveCfg = Release|Win32
		{2898466E-9B3C-4956-84D2-EC3EC6411793}.Release|x86.Build.0 = Release|Win32
		{615188FF-17D1-4AF6-8B72-8D9996F3C271}.Debug|x64.ActiveCfg = Debug|x64
		{615188FF-17D1-4AF6-8B72-8D9996F3C271}.Debug|x64.Build.0 = Debug|x64
		{615188FF-17D1-4AF6-8B72-8D9996F3C271}.Debug|x86.ActiveCfg = Debug|Win32
		{615188FF-17D1-4AF6-8B72-8D9996F3C271}.Debug|x86.Build.0 = Debug|Win32
		{615188FF-17D1-4AF6-8B72-8D9996F3C271}.Release|x64.ActiveCfg = Release|x64
		{615188FF-17D1-4AF6-8B72-8D9996F3C271}.Release|x64.Build.0 = Release|x64
		{615188FF-17D1-4AF6-8B72-8D9996F3C271}.Release|x86.ActiveCfg = Release|Win32
		{615188FF-17D1-4AF6-8B72-8D9996F3C271}.Release|x86.Build.0 = Release|Win32
	EndGlobalSection
	GlobalSection(SolutionProperties) = preSolution
		HideSolutionNode = FALSE
	EndGlobalSection
	GlobalSection(ExtensibilityGlobals) = postSolution
		SolutionGuid = {816C0EBA-4308-4507-BB6C-3D169B3E106A}
	EndGlobalSection
EndGlobal
